
Microsoft Visual Studio Solution File, Format Version 12.00
# Visual Studio Version 17
VisualStudioVersion = 17.9.34723.18
MinimumVisualStudioVersion = 10.0.40219.1
Project("{FAE04EC0-301F-11D3-BF4B-00C04F79EFBC}") = "QuanLyKhachSan", "QuanLyKhachSan\QuanLyKhachSan.csproj", "{F07A9BB5-B32D-473B-A450-6E072272901D}"
EndProject
Global
	GlobalSection(SolutionConfigurationPlatforms) = preSolution
		Debug|Any CPU = Debug|Any CPU
		Release|Any CPU = Release|Any CPU
	EndGlobalSection
	GlobalSection(ProjectConfigurationPlatforms) = postSolution
		{F07A9BB5-B32D-473B-A450-6E072272901D}.Debug|Any CPU.ActiveCfg = Debug|Any CPU
		{F07A9BB5-B32D-473B-A450-6E072272901D}.Debug|Any CPU.Build.0 = Debug|Any CPU
		{F07A9BB5-B32D-473B-A450-6E072272901D}.Release|Any CPU.ActiveCfg = Release|Any CPU
		{F07A9BB5-B32D-473B-A450-6E072272901D}.Release|Any CPU.Build.0 = Release|Any CPU
	EndGlobalSection
	GlobalSection(SolutionProperties) = preSolution
		HideSolutionNode = FALSE
	EndGlobalSection
	GlobalSection(ExtensibilityGlobals) = postSolution
		SolutionGuid = {FF117437-210D-426D-A15E-375A7DF53A6B}
	EndGlobalSection
EndGlobal
